
Microsoft Visual Studio Solution File, Format Version 11.00
# Visual Studio 2010
Project("{F184B08F-C81C-45F6-A57F-5ABD9991F28F}") = "CapaPresentacion", "CapaPresentacion\CapaPresentacion.vbproj", "{3C2CC7E0-4B63-40D9-8DBC-0A9088180E65}"
	ProjectSection(ProjectDependencies) = postProject
		{51A6F0E9-D77F-44E1-A02A-AA3C7FF5AE07} = {51A6F0E9-D77F-44E1-A02A-AA3C7FF5AE07}
	EndProjectSection
EndProject
Project("{F184B08F-C81C-45F6-A57F-5ABD9991F28F}") = "CapaWebService", "CapaWebService\CapaWebService.vbproj", "{51A6F0E9-D77F-44E1-A02A-AA3C7FF5AE07}"
EndProject
Project("{F184B08F-C81C-45F6-A57F-5ABD9991F28F}") = "CapaNegocio", "CapaNegocio\CapaNegocio.vbproj", "{B948F90B-DCDD-48F6-984A-363F2D9ADCF4}"
EndProject
Project("{F184B08F-C81C-45F6-A57F-5ABD9991F28F}") = "Objetos", "Objetos\Objetos.vbproj", "{6B176603-7F32-4AB3-B2F4-6DEB498FC155}"
EndProject
Project("{F184B08F-C81C-45F6-A57F-5ABD9991F28F}") = "CapaAccesoDatos", "CapaAccesoDatos\CapaAccesoDatos.vbproj", "{708C6EE3-1F00-4A51-8DB4-179F1C0330CB}"
	ProjectSection(ProjectDependencies) = postProject
		{6B176603-7F32-4AB3-B2F4-6DEB498FC155} = {6B176603-7F32-4AB3-B2F4-6DEB498FC155}
	EndProjectSection
EndProject
Global
	GlobalSection(SubversionScc) = preSolution
		Svn-Managed = True
		Manager = AnkhSVN - Subversion Support for Visual Studio
	EndGlobalSection
	GlobalSection(SolutionConfigurationPlatforms) = preSolution
		Debug|Any CPU = Debug|Any CPU
		Release|Any CPU = Release|Any CPU
	EndGlobalSection
	GlobalSection(ProjectConfigurationPlatforms) = postSolution
		{3C2CC7E0-4B63-40D9-8DBC-0A9088180E65}.Debug|Any CPU.ActiveCfg = Debug|Any CPU
		{3C2CC7E0-4B63-40D9-8DBC-0A9088180E65}.Debug|Any CPU.Build.0 = Debug|Any CPU
		{3C2CC7E0-4B63-40D9-8DBC-0A9088180E65}.Release|Any CPU.ActiveCfg = Release|Any CPU
		{3C2CC7E0-4B63-40D9-8DBC-0A9088180E65}.Release|Any CPU.Build.0 = Release|Any CPU
		{51A6F0E9-D77F-44E1-A02A-AA3C7FF5AE07}.Debug|Any CPU.ActiveCfg = Debug|Any CPU
		{51A6F0E9-D77F-44E1-A02A-AA3C7FF5AE07}.Debug|Any CPU.Build.0 = Debug|Any CPU
		{51A6F0E9-D77F-44E1-A02A-AA3C7FF5AE07}.Release|Any CPU.ActiveCfg = Release|Any CPU
		{51A6F0E9-D77F-44E1-A02A-AA3C7FF5AE07}.Release|Any CPU.Build.0 = Release|Any CPU
		{B948F90B-DCDD-48F6-984A-363F2D9ADCF4}.Debug|Any CPU.ActiveCfg = Debug|Any CPU
		{B948F90B-DCDD-48F6-984A-363F2D9ADCF4}.Debug|Any CPU.Build.0 = Debug|Any CPU
		{B948F90B-DCDD-48F6-984A-363F2D9ADCF4}.Release|Any CPU.ActiveCfg = Release|Any CPU
		{B948F90B-DCDD-48F6-984A-363F2D9ADCF4}.Release|Any CPU.Build.0 = Release|Any CPU
		{6B176603-7F32-4AB3-B2F4-6DEB498FC155}.Debug|Any CPU.ActiveCfg = Debug|Any CPU
		{6B176603-7F32-4AB3-B2F4-6DEB498FC155}.Debug|Any CPU.Build.0 = Debug|Any CPU
		{6B176603-7F32-4AB3-B2F4-6DEB498FC155}.Release|Any CPU.ActiveCfg = Release|Any CPU
		{6B176603-7F32-4AB3-B2F4-6DEB498FC155}.Release|Any CPU.Build.0 = Release|Any CPU
		{708C6EE3-1F00-4A51-8DB4-179F1C0330CB}.Debug|Any CPU.ActiveCfg = Debug|Any CPU
		{708C6EE3-1F00-4A51-8DB4-179F1C0330CB}.Debug|Any CPU.Build.0 = Debug|Any CPU
		{708C6EE3-1F00-4A51-8DB4-179F1C0330CB}.Release|Any CPU.ActiveCfg = Release|Any CPU
		{708C6EE3-1F00-4A51-8DB4-179F1C0330CB}.Release|Any CPU.Build.0 = Release|Any CPU
	EndGlobalSection
	GlobalSection(SolutionProperties) = preSolution
		HideSolutionNode = FALSE
	EndGlobalSection
EndGlobal
